
Microsoft Visual Studio Solution File, Format Version 12.00
# Visual Studio Version 17
VisualStudioVersion = 17.3.32825.248
MinimumVisualStudioVersion = 10.0.40219.1
Project("{FAE04EC0-301F-11D3-BF4B-00C04F79EFBC}") = "Lab04-MatthewMikhaiel", "Lab04-MatthewMikhaiel\Lab04-MatthewMikhaiel.csproj", "{C7F75485-059F-48A2-BB62-EECDC4BD1E75}"
EndProject
Global
	GlobalSection(SolutionConfigurationPlatforms) = preSolution
		Debug|Any CPU = Debug|Any CPU
		Release|Any CPU = Release|Any CPU
	EndGlobalSection
	GlobalSection(ProjectConfigurationPlatforms) = postSolution
		{C7F75485-059F-48A2-BB62-EECDC4BD1E75}.Debug|Any CPU.ActiveCfg = Debug|Any CPU
		{C7F75485-059F-48A2-BB62-EECDC4BD1E75}.Debug|Any CPU.Build.0 = Debug|Any CPU
		{C7F75485-059F-48A2-BB62-EECDC4BD1E75}.Release|Any CPU.ActiveCfg = Release|Any CPU
		{C7F75485-059F-48A2-BB62-EECDC4BD1E75}.Release|Any CPU.Build.0 = Release|Any CPU
	EndGlobalSection
	GlobalSection(SolutionProperties) = preSolution
		HideSolutionNode = FALSE
	EndGlobalSection
	GlobalSection(ExtensibilityGlobals) = postSolution
		SolutionGuid = {3C161E56-14BA-4E68-AC1D-CFA8CB4CB616}
	EndGlobalSection
EndGlobal
